<?xml version="1.0" encoding="UTF-8" standalone="yes" ?>
<CodeBlocks_project_file>
	<FileVersion major="1" minor="6" />
	<Project>
		<Option title="C-ND4" />
		<Option pch_mode="2" />
		<Option compiler="gcc" />
		<Build>
			<Target title="Debug">
				<Option output="bin/Debug/C-ND4" prefix_auto="1" extension_auto="1" />
				<Option object_output="obj/Debug/" />
				<Option type="1" />
				<Option compiler="gcc" />
				<Compiler>
					<Add option="-Wall" />
					<Add option="-g" />
				</Compiler>
			</Target>
			<Target title="Release">
				<Option output="bin/Release/C-ND4" prefix_auto="1" extension_auto="1" />
				<Option object_output="obj/Release/" />
				<Option type="1" />
				<Option compiler="gcc" />
				<Compiler>
					<Add option="-O2" />
				</Compiler>
				<Linker>
					<Add option="-s" />
				</Linker>
			</Target>
		</Build>
		<Compiler>
			<Add option="-Wall" />
			<Add option="-std=c99" />
			<Add directory="C:/Users/KestutisAdmin/Documents/CodeBlocks Projects/Academic-Projects/C Programming/C-ND4/src" />
			<Add directory="C:/Users/Kestutis/Documents/CodeBlocks Projects/Univeras GitHub Repo/RepoSpace/C Programming/C-ND4/src" />
		</Compiler>
		<Unit filename="src/arraystack/arraystack.c">
			<Option compilerVar="CC" />
		</Unit>
		<Unit filename="src/arraystack/arraystack.h" />
		<Unit filename="src/htools/hfun.c">
			<Option compilerVar="CC" />
		</Unit>
		<Unit filename="src/htools/hfun.h" />
		<Unit filename="src/htools/hstring.c">
			<Option compilerVar="CC" />
		</Unit>
		<Unit filename="src/htools/hstring.h" />
		<Unit filename="src/htools/logger.c">
			<Option compilerVar="CC" />
		</Unit>
		<Unit filename="src/htools/logger.h" />
		<Unit filename="src/interface.c">
			<Option compilerVar="CC" />
		</Unit>
		<Unit filename="src/interface.h" />
		<Unit filename="src/main.c">
			<Option compilerVar="CC" />
		</Unit>
		<Unit filename="src/xparser/xmlparser.c">
			<Option compilerVar="CC" />
		</Unit>
		<Unit filename="src/xparser/xmlparser.h" />
		<Unit filename="src/xparser/xmlstandard.c">
			<Option compilerVar="CC" />
		</Unit>
		<Unit filename="src/xparser/xmlstandard.h" />
		<Unit filename="src/xparser/xmlstructs.c">
			<Option compilerVar="CC" />
		</Unit>
		<Unit filename="src/xparser/xmlstructs.h" />
		<Extensions>
			<code_completion />
			<envvars />
			<debugger />
			<lib_finder disable_auto="1" />
		</Extensions>
	</Project>
</CodeBlocks_project_file>
